
Microsoft Visual Studio Solution File, Format Version 12.00
# Visual Studio 15
VisualStudioVersion = 15.0.28307.1259
MinimumVisualStudioVersion = 10.0.40219.1
Project("{FAE04EC0-301F-11D3-BF4B-00C04F79EFBC}") = "EmployeeApplication1", "EmployeeApplication1.csproj", "{B40B59B9-1756-4B31-9B13-2BC917804BE9}"
EndProject
Global
	GlobalSection(SolutionConfigurationPlatforms) = preSolution
		Debug|Any CPU = Debug|Any CPU
		Release|Any CPU = Release|Any CPU
	EndGlobalSection
	GlobalSection(ProjectConfigurationPlatforms) = postSolution
		{B40B59B9-1756-4B31-9B13-2BC917804BE9}.Debug|Any CPU.ActiveCfg = Debug|Any CPU
		{B40B59B9-1756-4B31-9B13-2BC917804BE9}.Debug|Any CPU.Build.0 = Debug|Any CPU
		{B40B59B9-1756-4B31-9B13-2BC917804BE9}.Release|Any CPU.ActiveCfg = Release|Any CPU
		{B40B59B9-1756-4B31-9B13-2BC917804BE9}.Release|Any CPU.Build.0 = Release|Any CPU
	EndGlobalSection
	GlobalSection(SolutionProperties) = preSolution
		HideSolutionNode = FALSE
	EndGlobalSection
	GlobalSection(ExtensibilityGlobals) = postSolution
		SolutionGuid = {0313DBA0-B02A-4D15-B821-D6CE2BBA9A07}
	EndGlobalSection
EndGlobal
